{
  "name": "integration-test",
  "version": "1.0.0",
  "lockfileVersion": 2,
  "requires": true,
  "packages": {
    "": {
      "name": "integration-test",
      "version": "1.0.0",
      "license": "none",
      "devDependencies": {
        "@playwright/test": "^1.22.2",
        "@types/node": "^18.0.3"
      }
    },
    "node_modules/@playwright/test": {
      "version": "1.29.0",
      "resolved": "https://registry.npmjs.org/@playwright/test/-/test-1.29.0.tgz",
      "integrity": "sha512-gp5PVBenxTJsm2bATWDNc2CCnrL5OaA/MXQdJwwkGQtqTjmY+ZOqAdLqo49O9MLTDh2vYh+tHWDnmFsILnWaeA==",
      "dev": true,
      "dependencies": {
        "@types/node": "*",
        "playwright-core": "1.29.0"
      },
      "bin": {
        "playwright": "cli.js"
      },
      "engines": {
        "node": ">=14"
      }
    },
    "node_modules/@types/node": {
      "version": "18.11.9",
      "resolved": "https://registry.npmjs.org/@types/node/-/node-18.11.9.tgz",
      "integrity": "sha512-CRpX21/kGdzjOpFsZSkcrXMGIBWMGNIHXXBVFSH+ggkftxg+XYP20TESbh+zFvFj3EQOl5byk0HTRn1IL6hbqg==",
      "dev": true
    },
    "node_modules/playwright-core": {
      "version": "1.29.0",
      "resolved": "https://registry.npmjs.org/playwright-core/-/playwright-core-1.29.0.tgz",
      "integrity": "sha512-pboOm1m0RD6z1GtwAbEH60PYRfF87vKdzOSRw2RyO0Y0a7utrMyWN2Au1ojGvQr4umuBMODkKTv607YIRypDSQ==",
      "dev": true,
      "bin": {
        "playwright": "cli.js"
      },
      "engines": {
        "node": ">=14"
      }
    }
  },
  "dependencies": {
    "@playwright/test": {
      "version": "1.29.0",
      "resolved": "https://registry.npmjs.org/@playwright/test/-/test-1.29.0.tgz",
      "integrity": "sha512-gp5PVBenxTJsm2bATWDNc2CCnrL5OaA/MXQdJwwkGQtqTjmY+ZOqAdLqo49O9MLTDh2vYh+tHWDnmFsILnWaeA==",
      "dev": true,
      "requires": {
        "@types/node": "*",
        "playwright-core": "1.29.0"
      }
    },
    "@types/node": {
      "version": "18.11.9",
      "resolved": "https://registry.npmjs.org/@types/node/-/node-18.11.9.tgz",
      "integrity": "sha512-CRpX21/kGdzjOpFsZSkcrXMGIBWMGNIHXXBVFSH+ggkftxg+XYP20TESbh+zFvFj3EQOl5byk0HTRn1IL6hbqg==",
      "dev": true
    },
    "playwright-core": {
      "version": "1.29.0",
      "resolved": "https://registry.npmjs.org/playwright-core/-/playwright-core-1.29.0.tgz",
      "integrity": "sha512-pboOm1m0RD6z1GtwAbEH60PYRfF87vKdzOSRw2RyO0Y0a7utrMyWN2Au1ojGvQr4umuBMODkKTv607YIRypDSQ==",
      "dev": true
    }
  }
}
